{
  "name": "@sincronia/typescript-plugin",
  "version": "0.0.4",
  "lockfileVersion": 1,
  "requires": true,
  "dependencies": {
    "strip-json-comments": {
      "version": "3.0.1",
      "resolved": "https://registry.npmjs.org/strip-json-comments/-/strip-json-comments-3.0.1.tgz",
      "integrity": "sha512-VTyMAUfdm047mwKl+u79WIdrZxtFtn+nBxHeb844XBQ9uMNTuTHdx2hc5RiAJYqwTj3wc/xe5HLSdJSkJ+WfZw=="
    },
    "typescript": {
      "version": "3.5.3",
      "resolved": "https://registry.npmjs.org/typescript/-/typescript-3.5.3.tgz",
      "integrity": "sha512-ACzBtm/PhXBDId6a6sDJfroT2pOWt/oOnk4/dElG5G33ZL776N3Y6/6bKZJBFpd+b05F3Ct9qDjMeJmRWtE2/g=="
    }
  }
}
