{
  "name": "@sincronia/typescript-plugin",
  "version": "0.4.0",
  "lockfileVersion": 1,
  "requires": true,
  "dependencies": {
    "@sincronia/types": {
      "version": "0.2.1",
      "resolved": "https://registry.npmjs.org/@sincronia/types/-/types-0.2.1.tgz",
      "integrity": "sha512-EFBM2DxydQ0OuTHGwuKfOB97FDsMkxSO8pY62rYUrmVgphrL4Nk+u3HebllGnEn/jji5ArVwvCEh1nyoHlEyWA==",
      "dev": true
    },
    "typescript": {
      "version": "3.7.3",
      "resolved": "https://registry.npmjs.org/typescript/-/typescript-3.7.3.tgz",
      "integrity": "sha512-Mcr/Qk7hXqFBXMN7p7Lusj1ktCBydylfQM/FZCk5glCNQJrCUKPkMHdo9R0MTFWsC/4kPFvDS0fDPvukfCkFsw=="
    }
  }
}
