{
  "name": "@sincronia/typescript-plugin",
  "version": "0.0.12",
  "lockfileVersion": 1,
  "requires": true,
  "dependencies": {
    "@sincronia/types": {
      "version": "0.0.10",
      "resolved": "https://registry.npmjs.org/@sincronia/types/-/types-0.0.10.tgz",
      "integrity": "sha512-Sg++peEXJv+Z0Ln3Ge+xlQvAT/77f/oow+95Zy5oEBZUUAXP7zvF7ayDI7+MQ6XpExLCaQumVD42RaUGe73TPg==",
      "dev": true
    },
    "typescript": {
      "version": "3.5.3",
      "resolved": "https://registry.npmjs.org/typescript/-/typescript-3.5.3.tgz",
      "integrity": "sha512-ACzBtm/PhXBDId6a6sDJfroT2pOWt/oOnk4/dElG5G33ZL776N3Y6/6bKZJBFpd+b05F3Ct9qDjMeJmRWtE2/g=="
    }
  }
}
