{
  "name": "@sincronia/prettier-plugin",
  "version": "0.0.10",
  "lockfileVersion": 1,
  "requires": true,
  "dependencies": {
    "@sincronia/types": {
      "version": "0.0.9",
      "resolved": "https://registry.npmjs.org/@sincronia/types/-/types-0.0.9.tgz",
      "integrity": "sha512-uHBFSZElSgumKsvy3cj9GfquTruU/AorXoV3u3mvnxKY+PPS3jsG4FV2WKWAappJW68HCCpwxNNNund+yFtVFA==",
      "dev": true
    },
    "@types/prettier": {
      "version": "1.18.0",
      "resolved": "https://registry.npmjs.org/@types/prettier/-/prettier-1.18.0.tgz",
      "integrity": "sha512-5N6WK/XXs9PLPpge2KOmOSaIym2vIo32GsrxM5YOFs7uZ8R9L/acg+hQzWsfwoHEpasqQkH0+3LzLTbiF1GFLQ==",
      "dev": true
    },
    "prettier": {
      "version": "1.18.2",
      "resolved": "https://registry.npmjs.org/prettier/-/prettier-1.18.2.tgz",
      "integrity": "sha512-OeHeMc0JhFE9idD4ZdtNibzY0+TPHSpSSb9h8FqtP+YnoZZ1sl8Vc9b1sasjfymH3SonAF4QcA2+mzHPhMvIiw=="
    },
    "typescript": {
      "version": "3.5.3",
      "resolved": "https://registry.npmjs.org/typescript/-/typescript-3.5.3.tgz",
      "integrity": "sha512-ACzBtm/PhXBDId6a6sDJfroT2pOWt/oOnk4/dElG5G33ZL776N3Y6/6bKZJBFpd+b05F3Ct9qDjMeJmRWtE2/g==",
      "dev": true
    }
  }
}
